Microsoft Visual Studio Solution File, Format Version 11.00
# Visual Studio 2008

Project("{96924CA3-6601-6B2C-1536-FFE94F852F7F}") = "Hail", "Assembly-CSharp-firstpass.csproj", "{7DC22F3F-05DF-BD6D-6089-31A7C1F26907}"
EndProject
Project("{96924CA3-6601-6B2C-1536-FFE94F852F7F}") = "Hail", "Assembly-CSharp.csproj", "{2C55E6CA-2013-BCB8-4F8D-FF7340198232}"
EndProject
Project("{96924CA3-6601-6B2C-1536-FFE94F852F7F}") = "Hail", "Assembly-CSharp-Editor.csproj", "{E6384164-7CF5-FF55-EB15-F61A037E7DD5}"
EndProject
Project("{96924CA3-6601-6B2C-1536-FFE94F852F7F}") = "Hail", "Assembly-UnityScript-firstpass.unityproj", "{381D8BB3-31C4-571D-FE83-899E03E1F27E}"
EndProject
Global
	GlobalSection(SolutionConfigurationPlatforms) = preSolution
		Debug|Any CPU = Debug|Any CPU
		Release|Any CPU = Release|Any CPU
	EndGlobalSection
	GlobalSection(ProjectConfigurationPlatforms) = postSolution
		{7DC22F3F-05DF-BD6D-6089-31A7C1F26907}.Debug|Any CPU.ActiveCfg = Debug|Any CPU
		{7DC22F3F-05DF-BD6D-6089-31A7C1F26907}.Debug|Any CPU.Build.0 = Debug|Any CPU
		{7DC22F3F-05DF-BD6D-6089-31A7C1F26907}.Release|Any CPU.ActiveCfg = Release|Any CPU
		{7DC22F3F-05DF-BD6D-6089-31A7C1F26907}.Release|Any CPU.Build.0 = Release|Any CPU
		{2C55E6CA-2013-BCB8-4F8D-FF7340198232}.Debug|Any CPU.ActiveCfg = Debug|Any CPU
		{2C55E6CA-2013-BCB8-4F8D-FF7340198232}.Debug|Any CPU.Build.0 = Debug|Any CPU
		{2C55E6CA-2013-BCB8-4F8D-FF7340198232}.Release|Any CPU.ActiveCfg = Release|Any CPU
		{2C55E6CA-2013-BCB8-4F8D-FF7340198232}.Release|Any CPU.Build.0 = Release|Any CPU
		{E6384164-7CF5-FF55-EB15-F61A037E7DD5}.Debug|Any CPU.ActiveCfg = Debug|Any CPU
		{E6384164-7CF5-FF55-EB15-F61A037E7DD5}.Debug|Any CPU.Build.0 = Debug|Any CPU
		{E6384164-7CF5-FF55-EB15-F61A037E7DD5}.Release|Any CPU.ActiveCfg = Release|Any CPU
		{E6384164-7CF5-FF55-EB15-F61A037E7DD5}.Release|Any CPU.Build.0 = Release|Any CPU
		{381D8BB3-31C4-571D-FE83-899E03E1F27E}.Debug|Any CPU.ActiveCfg = Debug|Any CPU
		{381D8BB3-31C4-571D-FE83-899E03E1F27E}.Debug|Any CPU.Build.0 = Debug|Any CPU
		{381D8BB3-31C4-571D-FE83-899E03E1F27E}.Release|Any CPU.ActiveCfg = Release|Any CPU
		{381D8BB3-31C4-571D-FE83-899E03E1F27E}.Release|Any CPU.Build.0 = Release|Any CPU
	EndGlobalSection
	GlobalSection(SolutionProperties) = preSolution
		HideSolutionNode = FALSE
	EndGlobalSection
	GlobalSection(MonoDevelopProperties) = preSolution
		StartupItem = Assembly-CSharp.csproj
	EndGlobalSection
EndGlobal
